
Microsoft Visual Studio Solution File, Format Version 12.00
# Visual Studio Version 17
VisualStudioVersion = 17.1.32228.430
MinimumVisualStudioVersion = 10.0.40219.1
Project("{FAE04EC0-301F-11D3-BF4B-00C04F79EFBC}") = "ConsoleGraphics", "ConsoleGraphics\ConsoleGraphics.csproj", "{DDAAD27E-31B7-4CF5-9A6A-939D66381D11}"
EndProject
Global
	GlobalSection(SolutionConfigurationPlatforms) = preSolution
		Debug|Any CPU = Debug|Any CPU
		Release|Any CPU = Release|Any CPU
	EndGlobalSection
	GlobalSection(ProjectConfigurationPlatforms) = postSolution
		{DDAAD27E-31B7-4CF5-9A6A-939D66381D11}.Debug|Any CPU.ActiveCfg = Debug|Any CPU
		{DDAAD27E-31B7-4CF5-9A6A-939D66381D11}.Debug|Any CPU.Build.0 = Debug|Any CPU
		{DDAAD27E-31B7-4CF5-9A6A-939D66381D11}.Release|Any CPU.ActiveCfg = Release|Any CPU
		{DDAAD27E-31B7-4CF5-9A6A-939D66381D11}.Release|Any CPU.Build.0 = Release|Any CPU
	EndGlobalSection
	GlobalSection(SolutionProperties) = preSolution
		HideSolutionNode = FALSE
	EndGlobalSection
	GlobalSection(ExtensibilityGlobals) = postSolution
		SolutionGuid = {346ADBF6-4F96-4019-A3E9-F00220C70E5B}
	EndGlobalSection
EndGlobal
